{
  "name": "operator",
  "lockfileVersion": 2,
  "requires": true,
  "packages": {
    "": {
      "name": "operator",
      "devDependencies": {
        "bats": "1.11.1"
      }
    },
    "node_modules/bats": {
      "version": "1.11.1",
      "resolved": "https://registry.npmjs.org/bats/-/bats-1.11.1.tgz",
      "integrity": "sha512-Dh26FsiLog+wwQeTkboYo2xYj9rUaPEbibUobnYb3G3M9hva/Kby00wrAN9VB9qqGVhl/pYjjt/LVBWwjXlD2A==",
      "dev": true,
      "bin": {
        "bats": "bin/bats"
      }
    }
  },
  "dependencies": {
    "bats": {
      "version": "1.11.1",
      "resolved": "https://registry.npmjs.org/bats/-/bats-1.11.1.tgz",
      "integrity": "sha512-Dh26FsiLog+wwQeTkboYo2xYj9rUaPEbibUobnYb3G3M9hva/Kby00wrAN9VB9qqGVhl/pYjjt/LVBWwjXlD2A==",
      "dev": true
    }
  }
}
