{
  "name": "operator",
  "lockfileVersion": 2,
  "requires": true,
  "packages": {
    "": {
      "name": "operator",
      "devDependencies": {
        "bats": "1.10.0"
      }
    },
    "node_modules/bats": {
      "version": "1.10.0",
      "resolved": "https://registry.npmjs.org/bats/-/bats-1.10.0.tgz",
      "integrity": "sha512-yOQrC7npuCrN+Ic3TyjTjJlzHa0qlK3oEO6VAYPWwFeutx/GmpljIyB6uNSl/UTASyc2w4FgVuA/QMMf9OdsCw==",
      "dev": true,
      "bin": {
        "bats": "bin/bats"
      }
    }
  },
  "dependencies": {
    "bats": {
      "version": "1.10.0",
      "resolved": "https://registry.npmjs.org/bats/-/bats-1.10.0.tgz",
      "integrity": "sha512-yOQrC7npuCrN+Ic3TyjTjJlzHa0qlK3oEO6VAYPWwFeutx/GmpljIyB6uNSl/UTASyc2w4FgVuA/QMMf9OdsCw==",
      "dev": true
    }
  }
}
