{
  "name": "k8up",
  "lockfileVersion": 2,
  "requires": true,
  "packages": {
    "": {
      "name": "k8up",
      "devDependencies": {
        "bats": "1.2.1"
      }
    },
    "node_modules/bats": {
      "version": "1.2.1",
      "resolved": "https://registry.npmjs.org/bats/-/bats-1.2.1.tgz",
      "integrity": "sha512-2fcPDRQa/Kvh6j1IcCqsHpT5b9ObMzRzw6abC7Bg298PX8Qdh9VRkvO2WJUEhdyfjq2rLBCOAWdcv0tS4+xTUA==",
      "dev": true
    }
  },
  "dependencies": {
    "bats": {
      "version": "1.2.1",
      "resolved": "https://registry.npmjs.org/bats/-/bats-1.2.1.tgz",
      "integrity": "sha512-2fcPDRQa/Kvh6j1IcCqsHpT5b9ObMzRzw6abC7Bg298PX8Qdh9VRkvO2WJUEhdyfjq2rLBCOAWdcv0tS4+xTUA==",
      "dev": true
    }
  }
}
